// !$*UTF8*$!
{
	archiveVersion = 1;
	classes = {
	};
	objectVersion = 46;
	objects = {

/* Begin PBXBuildFile section */
		D124A6361A85995D003A08B5 /* main.m in Sources */ = {isa = PBXBuildFile; fileRef = D124A6351A85995D003A08B5 /* main.m */; };
		D124A6391A85995D003A08B5 /* AppDelegate.m in Sources */ = {isa = PBXBuildFile; fileRef = D124A6381A85995D003A08B5 /* AppDelegate.m */; };
		D124A63C1A85995D003A08B5 /* ViewController.m in Sources */ = {isa = PBXBuildFile; fileRef = D124A63B1A85995D003A08B5 /* ViewController.m */; };
		D124A63F1A85995D003A08B5 /* Main.storyboard in Resources */ = {isa = PBXBuildFile; fileRef = D124A63D1A85995D003A08B5 /* Main.storyboard */; };
		D124A6411A85995D003A08B5 /* Images.xcassets in Resources */ = {isa = PBXBuildFile; fileRef = D124A6401A85995D003A08B5 /* Images.xcassets */; };
		D124A6441A85995D003A08B5 /* LaunchScreen.xib in Resources */ = {isa = PBXBuildFile; fileRef = D124A6421A85995D003A08B5 /* LaunchScreen.xib */; };
		D124A6501A85995D003A08B5 /* Oaxaca_PushTests.m in Sources */ = {isa = PBXBuildFile; fileRef = D124A64F1A85995D003A08B5 /* Oaxaca_PushTests.m */; };
		D124A67A1A859E15003A08B5 /* NSDate+RFC1123.html in Resources */ = {isa = PBXBuildFile; fileRef = D124A65D1A859E15003A08B5 /* NSDate+RFC1123.html */; };
		D124A67B1A859E15003A08B5 /* NSString+GTMNSStringHTMLAdditions.html in Resources */ = {isa = PBXBuildFile; fileRef = D124A65E1A859E15003A08B5 /* NSString+GTMNSStringHTMLAdditions.html */; };
		D124A67C1A859E15003A08B5 /* PushNotificationManager.html in Resources */ = {isa = PBXBuildFile; fileRef = D124A6601A859E15003A08B5 /* PushNotificationManager.html */; };
		D124A67D1A859E15003A08B5 /* PWNetworkEngine.html in Resources */ = {isa = PBXBuildFile; fileRef = D124A6611A859E15003A08B5 /* PWNetworkEngine.html */; };
		D124A67E1A859E15003A08B5 /* PWNetworkOperation.html in Resources */ = {isa = PBXBuildFile; fileRef = D124A6621A859E15003A08B5 /* PWNetworkOperation.html */; };
		D124A67F1A859E15003A08B5 /* PWReachability.html in Resources */ = {isa = PBXBuildFile; fileRef = D124A6631A859E15003A08B5 /* PWReachability.html */; };
		D124A6801A859E15003A08B5 /* PWTags.html in Resources */ = {isa = PBXBuildFile; fileRef = D124A6641A859E15003A08B5 /* PWTags.html */; };
		D124A6811A859E15003A08B5 /* PWBeaconAction.html in Resources */ = {isa = PBXBuildFile; fileRef = D124A6661A859E15003A08B5 /* PWBeaconAction.html */; };
		D124A6821A859E15003A08B5 /* PWSupportedOrientations.html in Resources */ = {isa = PBXBuildFile; fileRef = D124A6671A859E15003A08B5 /* PWSupportedOrientations.html */; };
		D124A6831A859E15003A08B5 /* styles.css in Resources */ = {isa = PBXBuildFile; fileRef = D124A6691A859E15003A08B5 /* styles.css */; };
		D124A6841A859E15003A08B5 /* stylesPrint.css in Resources */ = {isa = PBXBuildFile; fileRef = D124A66A1A859E15003A08B5 /* stylesPrint.css */; };
		D124A6851A859E15003A08B5 /* hierarchy.html in Resources */ = {isa = PBXBuildFile; fileRef = D124A66B1A859E15003A08B5 /* hierarchy.html */; };
		D124A6861A859E15003A08B5 /* button_bar_background.png in Resources */ = {isa = PBXBuildFile; fileRef = D124A66D1A859E15003A08B5 /* button_bar_background.png */; };
		D124A6871A859E15003A08B5 /* disclosure.png in Resources */ = {isa = PBXBuildFile; fileRef = D124A66E1A859E15003A08B5 /* disclosure.png */; };
		D124A6881A859E15003A08B5 /* disclosure_open.png in Resources */ = {isa = PBXBuildFile; fileRef = D124A66F1A859E15003A08B5 /* disclosure_open.png */; };
		D124A6891A859E15003A08B5 /* library_background.png in Resources */ = {isa = PBXBuildFile; fileRef = D124A6701A859E15003A08B5 /* library_background.png */; };
		D124A68A1A859E15003A08B5 /* title_background.png in Resources */ = {isa = PBXBuildFile; fileRef = D124A6711A859E15003A08B5 /* title_background.png */; };
		D124A68B1A859E15003A08B5 /* index.html in Resources */ = {isa = PBXBuildFile; fileRef = D124A6721A859E15003A08B5 /* index.html */; };
		D124A68C1A859E15003A08B5 /* PushNotificationDelegate.html in Resources */ = {isa = PBXBuildFile; fileRef = D124A6741A859E15003A08B5 /* PushNotificationDelegate.html */; };
		D124A68D1A859E15003A08B5 /* Pushwoosh.framework in Frameworks */ = {isa = PBXBuildFile; fileRef = D124A6761A859E15003A08B5 /* Pushwoosh.framework */; };
		D124A68E1A859E15003A08B5 /* LICENSE in Resources */ = {isa = PBXBuildFile; fileRef = D124A6771A859E15003A08B5 /* LICENSE */; };
		D124A68F1A859E15003A08B5 /* README.md in Sources */ = {isa = PBXBuildFile; fileRef = D124A6781A859E15003A08B5 /* README.md */; };
		D124A6901A859E15003A08B5 /* VERSION.md in Sources */ = {isa = PBXBuildFile; fileRef = D124A6791A859E15003A08B5 /* VERSION.md */; };
		D124A6921A859E48003A08B5 /* MobileCoreServices.framework in Frameworks */ = {isa = PBXBuildFile; fileRef = D124A6911A859E48003A08B5 /* MobileCoreServices.framework */; };
/* End PBXBuildFile section */

/* Begin PBXContainerItemProxy section */
		D124A64A1A85995D003A08B5 /* PBXContainerItemProxy */ = {
			isa = PBXContainerItemProxy;
			containerPortal = D124A6281A85995D003A08B5 /* Project object */;
			proxyType = 1;
			remoteGlobalIDString = D124A62F1A85995D003A08B5;
			remoteInfo = "Oaxaca-Push";
		};
/* End PBXContainerItemProxy section */

/* Begin PBXFileReference section */
		D124A6301A85995D003A08B5 /* Oaxaca-Push.app */ = {isa = PBXFileReference; explicitFileType = wrapper.application; includeInIndex = 0; path = "Oaxaca-Push.app"; sourceTree = BUILT_PRODUCTS_DIR; };
		D124A6341A85995D003A08B5 /* Info.plist */ = {isa = PBXFileReference; lastKnownFileType = text.plist.xml; path = Info.plist; sourceTree = "<group>"; };
		D124A6351A85995D003A08B5 /* main.m */ = {isa = PBXFileReference; lastKnownFileType = sourcecode.c.objc; path = main.m; sourceTree = "<group>"; };
		D124A6371A85995D003A08B5 /* AppDelegate.h */ = {isa = PBXFileReference; lastKnownFileType = sourcecode.c.h; path = AppDelegate.h; sourceTree = "<group>"; };
		D124A6381A85995D003A08B5 /* AppDelegate.m */ = {isa = PBXFileReference; lastKnownFileType = sourcecode.c.objc; path = AppDelegate.m; sourceTree = "<group>"; };
		D124A63A1A85995D003A08B5 /* ViewController.h */ = {isa = PBXFileReference; lastKnownFileType = sourcecode.c.h; path = ViewController.h; sourceTree = "<group>"; };
		D124A63B1A85995D003A08B5 /* ViewController.m */ = {isa = PBXFileReference; lastKnownFileType = sourcecode.c.objc; path = ViewController.m; sourceTree = "<group>"; };
		D124A63E1A85995D003A08B5 /* Base */ = {isa = PBXFileReference; lastKnownFileType = file.storyboard; name = Base; path = Base.lproj/Main.storyboard; sourceTree = "<group>"; };
		D124A6401A85995D003A08B5 /* Images.xcassets */ = {isa = PBXFileReference; lastKnownFileType = folder.assetcatalog; path = Images.xcassets; sourceTree = "<group>"; };
		D124A6431A85995D003A08B5 /* Base */ = {isa = PBXFileReference; lastKnownFileType = file.xib; name = Base; path = Base.lproj/LaunchScreen.xib; sourceTree = "<group>"; };
		D124A6491A85995D003A08B5 /* Oaxaca-PushTests.xctest */ = {isa = PBXFileReference; explicitFileType = wrapper.cfbundle; includeInIndex = 0; path = "Oaxaca-PushTests.xctest"; sourceTree = BUILT_PRODUCTS_DIR; };
		D124A64E1A85995D003A08B5 /* Info.plist */ = {isa = PBXFileReference; lastKnownFileType = text.plist.xml; path = Info.plist; sourceTree = "<group>"; };
		D124A64F1A85995D003A08B5 /* Oaxaca_PushTests.m */ = {isa = PBXFileReference; lastKnownFileType = sourcecode.c.objc; path = Oaxaca_PushTests.m; sourceTree = "<group>"; };
		D124A65D1A859E15003A08B5 /* NSDate+RFC1123.html */ = {isa = PBXFileReference; fileEncoding = 4; lastKnownFileType = text.html.documentation; path = "NSDate+RFC1123.html"; sourceTree = "<group>"; };
		D124A65E1A859E15003A08B5 /* NSString+GTMNSStringHTMLAdditions.html */ = {isa = PBXFileReference; fileEncoding = 4; lastKnownFileType = text.html.documentation; path = "NSString+GTMNSStringHTMLAdditions.html"; sourceTree = "<group>"; };
		D124A6601A859E15003A08B5 /* PushNotificationManager.html */ = {isa = PBXFileReference; fileEncoding = 4; lastKnownFileType = text.html.documentation; path = PushNotificationManager.html; sourceTree = "<group>"; };
		D124A6611A859E15003A08B5 /* PWNetworkEngine.html */ = {isa = PBXFileReference; fileEncoding = 4; lastKnownFileType = text.html.documentation; path = PWNetworkEngine.html; sourceTree = "<group>"; };
		D124A6621A859E15003A08B5 /* PWNetworkOperation.html */ = {isa = PBXFileReference; fileEncoding = 4; lastKnownFileType = text.html.documentation; path = PWNetworkOperation.html; sourceTree = "<group>"; };
		D124A6631A859E15003A08B5 /* PWReachability.html */ = {isa = PBXFileReference; fileEncoding = 4; lastKnownFileType = text.html.documentation; path = PWReachability.html; sourceTree = "<group>"; };
		D124A6641A859E15003A08B5 /* PWTags.html */ = {isa = PBXFileReference; fileEncoding = 4; lastKnownFileType = text.html.documentation; path = PWTags.html; sourceTree = "<group>"; };
		D124A6661A859E15003A08B5 /* PWBeaconAction.html */ = {isa = PBXFileReference; fileEncoding = 4; lastKnownFileType = text.html.documentation; path = PWBeaconAction.html; sourceTree = "<group>"; };
		D124A6671A859E15003A08B5 /* PWSupportedOrientations.html */ = {isa = PBXFileReference; fileEncoding = 4; lastKnownFileType = text.html.documentation; path = PWSupportedOrientations.html; sourceTree = "<group>"; };
		D124A6691A859E15003A08B5 /* styles.css */ = {isa = PBXFileReference; fileEncoding = 4; lastKnownFileType = text.css; path = styles.css; sourceTree = "<group>"; };
		D124A66A1A859E15003A08B5 /* stylesPrint.css */ = {isa = PBXFileReference; fileEncoding = 4; lastKnownFileType = text.css; path = stylesPrint.css; sourceTree = "<group>"; };
		D124A66B1A859E15003A08B5 /* hierarchy.html */ = {isa = PBXFileReference; fileEncoding = 4; lastKnownFileType = text.html.documentation; path = hierarchy.html; sourceTree = "<group>"; };
		D124A66D1A859E15003A08B5 /* button_bar_background.png */ = {isa = PBXFileReference; lastKnownFileType = image.png; path = button_bar_background.png; sourceTree = "<group>"; };
		D124A66E1A859E15003A08B5 /* disclosure.png */ = {isa = PBXFileReference; lastKnownFileType = image.png; path = disclosure.png; sourceTree = "<group>"; };
		D124A66F1A859E15003A08B5 /* disclosure_open.png */ = {isa = PBXFileReference; lastKnownFileType = image.png; path = disclosure_open.png; sourceTree = "<group>"; };
		D124A6701A859E15003A08B5 /* library_background.png */ = {isa = PBXFileReference; lastKnownFileType = image.png; path = library_background.png; sourceTree = "<group>"; };
		D124A6711A859E15003A08B5 /* title_background.png */ = {isa = PBXFileReference; lastKnownFileType = image.png; path = title_background.png; sourceTree = "<group>"; };
		D124A6721A859E15003A08B5 /* index.html */ = {isa = PBXFileReference; fileEncoding = 4; lastKnownFileType = text.html.documentation; path = index.html; sourceTree = "<group>"; };
		D124A6741A859E15003A08B5 /* PushNotificationDelegate.html */ = {isa = PBXFileReference; fileEncoding = 4; lastKnownFileType = text.html.documentation; path = PushNotificationDelegate.html; sourceTree = "<group>"; };
		D124A6761A859E15003A08B5 /* Pushwoosh.framework */ = {isa = PBXFileReference; lastKnownFileType = wrapper.framework; path = Pushwoosh.framework; sourceTree = "<group>"; };
		D124A6771A859E15003A08B5 /* LICENSE */ = {isa = PBXFileReference; fileEncoding = 4; lastKnownFileType = text; path = LICENSE; sourceTree = "<group>"; };
		D124A6781A859E15003A08B5 /* README.md */ = {isa = PBXFileReference; fileEncoding = 4; lastKnownFileType = net.daringfireball.markdown; path = README.md; sourceTree = "<group>"; };
		D124A6791A859E15003A08B5 /* VERSION.md */ = {isa = PBXFileReference; fileEncoding = 4; lastKnownFileType = net.daringfireball.markdown; path = VERSION.md; sourceTree = "<group>"; };
		D124A6911A859E48003A08B5 /* MobileCoreServices.framework */ = {isa = PBXFileReference; lastKnownFileType = wrapper.framework; name = MobileCoreServices.framework; path = System/Library/Frameworks/MobileCoreServices.framework; sourceTree = SDKROOT; };
/* End PBXFileReference section */

/* Begin PBXFrameworksBuildPhase section */
		D124A62D1A85995D003A08B5 /* Frameworks */ = {
			isa = PBXFrameworksBuildPhase;
			buildActionMask = 2147483647;
			files = (
				D124A6921A859E48003A08B5 /* MobileCoreServices.framework in Frameworks */,
				D124A68D1A859E15003A08B5 /* Pushwoosh.framework in Frameworks */,
			);
			runOnlyForDeploymentPostprocessing = 0;
		};
		D124A6461A85995D003A08B5 /* Frameworks */ = {
			isa = PBXFrameworksBuildPhase;
			buildActionMask = 2147483647;
			files = (
			);
			runOnlyForDeploymentPostprocessing = 0;
		};
/* End PBXFrameworksBuildPhase section */

/* Begin PBXGroup section */
		D124A6271A85995D003A08B5 = {
			isa = PBXGroup;
			children = (
				D124A6321A85995D003A08B5 /* Oaxaca-Push */,
				D124A64C1A85995D003A08B5 /* Oaxaca-PushTests */,
				D124A6311A85995D003A08B5 /* Products */,
			);
			sourceTree = "<group>";
		};
		D124A6311A85995D003A08B5 /* Products */ = {
			isa = PBXGroup;
			children = (
				D124A6301A85995D003A08B5 /* Oaxaca-Push.app */,
				D124A6491A85995D003A08B5 /* Oaxaca-PushTests.xctest */,
			);
			name = Products;
			sourceTree = "<group>";
		};
		D124A6321A85995D003A08B5 /* Oaxaca-Push */ = {
			isa = PBXGroup;
			children = (
				D124A6371A85995D003A08B5 /* AppDelegate.h */,
				D124A6381A85995D003A08B5 /* AppDelegate.m */,
				D124A63A1A85995D003A08B5 /* ViewController.h */,
				D124A63B1A85995D003A08B5 /* ViewController.m */,
				D124A63D1A85995D003A08B5 /* Main.storyboard */,
				D124A6401A85995D003A08B5 /* Images.xcassets */,
				D124A6421A85995D003A08B5 /* LaunchScreen.xib */,
				D124A6331A85995D003A08B5 /* Supporting Files */,
				D124A6591A859E01003A08B5 /* Frameworks */,
			);
			path = "Oaxaca-Push";
			sourceTree = "<group>";
		};
		D124A6331A85995D003A08B5 /* Supporting Files */ = {
			isa = PBXGroup;
			children = (
				D124A6341A85995D003A08B5 /* Info.plist */,
				D124A6351A85995D003A08B5 /* main.m */,
			);
			name = "Supporting Files";
			sourceTree = "<group>";
		};
		D124A64C1A85995D003A08B5 /* Oaxaca-PushTests */ = {
			isa = PBXGroup;
			children = (
				D124A64F1A85995D003A08B5 /* Oaxaca_PushTests.m */,
				D124A64D1A85995D003A08B5 /* Supporting Files */,
			);
			path = "Oaxaca-PushTests";
			sourceTree = "<group>";
		};
		D124A64D1A85995D003A08B5 /* Supporting Files */ = {
			isa = PBXGroup;
			children = (
				D124A64E1A85995D003A08B5 /* Info.plist */,
			);
			name = "Supporting Files";
			sourceTree = "<group>";
		};
		D124A6591A859E01003A08B5 /* Frameworks */ = {
			isa = PBXGroup;
			children = (
				D124A65A1A859E15003A08B5 /* pushwoosh-ios-sdk-master */,
			);
			name = Frameworks;
			sourceTree = "<group>";
		};
		D124A65A1A859E15003A08B5 /* pushwoosh-ios-sdk-master */ = {
			isa = PBXGroup;
			children = (
				D124A65B1A859E15003A08B5 /* Documentation */,
				D124A6751A859E15003A08B5 /* Framework */,
				D124A6771A859E15003A08B5 /* LICENSE */,
				D124A6781A859E15003A08B5 /* README.md */,
				D124A6791A859E15003A08B5 /* VERSION.md */,
			);
			path = "pushwoosh-ios-sdk-master";
			sourceTree = "<group>";
		};
		D124A65B1A859E15003A08B5 /* Documentation */ = {
			isa = PBXGroup;
			children = (
				D124A65C1A859E15003A08B5 /* Categories */,
				D124A65F1A859E15003A08B5 /* Classes */,
				D124A6651A859E15003A08B5 /* Constants */,
				D124A6681A859E15003A08B5 /* css */,
				D124A66B1A859E15003A08B5 /* hierarchy.html */,
				D124A66C1A859E15003A08B5 /* img */,
				D124A6721A859E15003A08B5 /* index.html */,
				D124A6731A859E15003A08B5 /* Protocols */,
			);
			path = Documentation;
			sourceTree = "<group>";
		};
		D124A65C1A859E15003A08B5 /* Categories */ = {
			isa = PBXGroup;
			children = (
				D124A65D1A859E15003A08B5 /* NSDate+RFC1123.html */,
				D124A65E1A859E15003A08B5 /* NSString+GTMNSStringHTMLAdditions.html */,
			);
			path = Categories;
			sourceTree = "<group>";
		};
		D124A65F1A859E15003A08B5 /* Classes */ = {
			isa = PBXGroup;
			children = (
				D124A6601A859E15003A08B5 /* PushNotificationManager.html */,
				D124A6611A859E15003A08B5 /* PWNetworkEngine.html */,
				D124A6621A859E15003A08B5 /* PWNetworkOperation.html */,
				D124A6631A859E15003A08B5 /* PWReachability.html */,
				D124A6641A859E15003A08B5 /* PWTags.html */,
			);
			path = Classes;
			sourceTree = "<group>";
		};
		D124A6651A859E15003A08B5 /* Constants */ = {
			isa = PBXGroup;
			children = (
				D124A6661A859E15003A08B5 /* PWBeaconAction.html */,
				D124A6671A859E15003A08B5 /* PWSupportedOrientations.html */,
			);
			path = Constants;
			sourceTree = "<group>";
		};
		D124A6681A859E15003A08B5 /* css */ = {
			isa = PBXGroup;
			children = (
				D124A6691A859E15003A08B5 /* styles.css */,
				D124A66A1A859E15003A08B5 /* stylesPrint.css */,
			);
			path = css;
			sourceTree = "<group>";
		};
		D124A66C1A859E15003A08B5 /* img */ = {
			isa = PBXGroup;
			children = (
				D124A66D1A859E15003A08B5 /* button_bar_background.png */,
				D124A66E1A859E15003A08B5 /* disclosure.png */,
				D124A66F1A859E15003A08B5 /* disclosure_open.png */,
				D124A6701A859E15003A08B5 /* library_background.png */,
				D124A6711A859E15003A08B5 /* title_background.png */,
			);
			path = img;
			sourceTree = "<group>";
		};
		D124A6731A859E15003A08B5 /* Protocols */ = {
			isa = PBXGroup;
			children = (
				D124A6741A859E15003A08B5 /* PushNotificationDelegate.html */,
			);
			path = Protocols;
			sourceTree = "<group>";
		};
		D124A6751A859E15003A08B5 /* Framework */ = {
			isa = PBXGroup;
			children = (
				D124A6911A859E48003A08B5 /* MobileCoreServices.framework */,
				D124A6761A859E15003A08B5 /* Pushwoosh.framework */,
			);
			path = Framework;
			sourceTree = "<group>";
		};
/* End PBXGroup section */

/* Begin PBXNativeTarget section */
		D124A62F1A85995D003A08B5 /* Oaxaca-Push */ = {
			isa = PBXNativeTarget;
			buildConfigurationList = D124A6531A85995D003A08B5 /* Build configuration list for PBXNativeTarget "Oaxaca-Push" */;
			buildPhases = (
				D124A62C1A85995D003A08B5 /* Sources */,
				D124A62D1A85995D003A08B5 /* Frameworks */,
				D124A62E1A85995D003A08B5 /* Resources */,
			);
			buildRules = (
			);
			dependencies = (
			);
			name = "Oaxaca-Push";
			productName = "Oaxaca-Push";
			productReference = D124A6301A85995D003A08B5 /* Oaxaca-Push.app */;
			productType = "com.apple.product-type.application";
		};
		D124A6481A85995D003A08B5 /* Oaxaca-PushTests */ = {
			isa = PBXNativeTarget;
			buildConfigurationList = D124A6561A85995D003A08B5 /* Build configuration list for PBXNativeTarget "Oaxaca-PushTests" */;
			buildPhases = (
				D124A6451A85995D003A08B5 /* Sources */,
				D124A6461A85995D003A08B5 /* Frameworks */,
				D124A6471A85995D003A08B5 /* Resources */,
			);
			buildRules = (
			);
			dependencies = (
				D124A64B1A85995D003A08B5 /* PBXTargetDependency */,
			);
			name = "Oaxaca-PushTests";
			productName = "Oaxaca-PushTests";
			productReference = D124A6491A85995D003A08B5 /* Oaxaca-PushTests.xctest */;
			productType = "com.apple.product-type.bundle.unit-test";
		};
/* End PBXNativeTarget section */

/* Begin PBXProject section */
		D124A6281A85995D003A08B5 /* Project object */ = {
			isa = PBXProject;
			attributes = {
				LastUpgradeCheck = 0610;
				ORGANIZATIONNAME = Smartplace;
				TargetAttributes = {
					D124A62F1A85995D003A08B5 = {
						CreatedOnToolsVersion = 6.1.1;
						DevelopmentTeam = 3D6T7V58KY;
					};
					D124A6481A85995D003A08B5 = {
						CreatedOnToolsVersion = 6.1.1;
						TestTargetID = D124A62F1A85995D003A08B5;
					};
				};
			};
			buildConfigurationList = D124A62B1A85995D003A08B5 /* Build configuration list for PBXProject "Oaxaca-Push" */;
			compatibilityVersion = "Xcode 3.2";
			developmentRegion = English;
			hasScannedForEncodings = 0;
			knownRegions = (
				en,
				Base,
			);
			mainGroup = D124A6271A85995D003A08B5;
			productRefGroup = D124A6311A85995D003A08B5 /* Products */;
			projectDirPath = "";
			projectRoot = "";
			targets = (
				D124A62F1A85995D003A08B5 /* Oaxaca-Push */,
				D124A6481A85995D003A08B5 /* Oaxaca-PushTests */,
			);
		};
/* End PBXProject section */

/* Begin PBXResourcesBuildPhase section */
		D124A62E1A85995D003A08B5 /* Resources */ = {
			isa = PBXResourcesBuildPhase;
			buildActionMask = 2147483647;
			files = (
				D124A68B1A859E15003A08B5 /* index.html in Resources */,
				D124A67D1A859E15003A08B5 /* PWNetworkEngine.html in Resources */,
				D124A6891A859E15003A08B5 /* library_background.png in Resources */,
				D124A6811A859E15003A08B5 /* PWBeaconAction.html in Resources */,
				D124A63F1A85995D003A08B5 /* Main.storyboard in Resources */,
				D124A6841A859E15003A08B5 /* stylesPrint.css in Resources */,
				D124A68C1A859E15003A08B5 /* PushNotificationDelegate.html in Resources */,
				D124A6881A859E15003A08B5 /* disclosure_open.png in Resources */,
				D124A6821A859E15003A08B5 /* PWSupportedOrientations.html in Resources */,
				D124A6831A859E15003A08B5 /* styles.css in Resources */,
				D124A6871A859E15003A08B5 /* disclosure.png in Resources */,
				D124A6801A859E15003A08B5 /* PWTags.html in Resources */,
				D124A6441A85995D003A08B5 /* LaunchScreen.xib in Resources */,
				D124A68E1A859E15003A08B5 /* LICENSE in Resources */,
				D124A67B1A859E15003A08B5 /* NSString+GTMNSStringHTMLAdditions.html in Resources */,
				D124A67F1A859E15003A08B5 /* PWReachability.html in Resources */,
				D124A67E1A859E15003A08B5 /* PWNetworkOperation.html in Resources */,
				D124A6861A859E15003A08B5 /* button_bar_background.png in Resources */,
				D124A67A1A859E15003A08B5 /* NSDate+RFC1123.html in Resources */,
				D124A68A1A859E15003A08B5 /* title_background.png in Resources */,
				D124A6411A85995D003A08B5 /* Images.xcassets in Resources */,
				D124A6851A859E15003A08B5 /* hierarchy.html in Resources */,
				D124A67C1A859E15003A08B5 /* PushNotificationManager.html in Resources */,
			);
			runOnlyForDeploymentPostprocessing = 0;
		};
		D124A6471A85995D003A08B5 /* Resources */ = {
			isa = PBXResourcesBuildPhase;
			buildActionMask = 2147483647;
			files = (
			);
			runOnlyForDeploymentPostprocessing = 0;
		};
/* End PBXResourcesBuildPhase section */

/* Begin PBXSourcesBuildPhase section */
		D124A62C1A85995D003A08B5 /* Sources */ = {
			isa = PBXSourcesBuildPhase;
			buildActionMask = 2147483647;
			files = (
				D124A63C1A85995D003A08B5 /* ViewController.m in Sources */,
				D124A6391A85995D003A08B5 /* AppDelegate.m in Sources */,
				D124A6901A859E15003A08B5 /* VERSION.md in Sources */,
				D124A68F1A859E15003A08B5 /* README.md in Sources */,
				D124A6361A85995D003A08B5 /* main.m in Sources */,
			);
			runOnlyForDeploymentPostprocessing = 0;
		};
		D124A6451A85995D003A08B5 /* Sources */ = {
			isa = PBXSourcesBuildPhase;
			buildActionMask = 2147483647;
			files = (
				D124A6501A85995D003A08B5 /* Oaxaca_PushTests.m in Sources */,
			);
			runOnlyForDeploymentPostprocessing = 0;
		};
/* End PBXSourcesBuildPhase section */

/* Begin PBXTargetDependency section */
		D124A64B1A85995D003A08B5 /* PBXTargetDependency */ = {
			isa = PBXTargetDependency;
			target = D124A62F1A85995D003A08B5 /* Oaxaca-Push */;
			targetProxy = D124A64A1A85995D003A08B5 /* PBXContainerItemProxy */;
		};
/* End PBXTargetDependency section */

/* Begin PBXVariantGroup section */
		D124A63D1A85995D003A08B5 /* Main.storyboard */ = {
			isa = PBXVariantGroup;
			children = (
				D124A63E1A85995D003A08B5 /* Base */,
			);
			name = Main.storyboard;
			sourceTree = "<group>";
		};
		D124A6421A85995D003A08B5 /* LaunchScreen.xib */ = {
			isa = PBXVariantGroup;
			children = (
				D124A6431A85995D003A08B5 /* Base */,
			);
			name = LaunchScreen.xib;
			sourceTree = "<group>";
		};
/* End PBXVariantGroup section */

/* Begin XCBuildConfiguration section */
		D124A6511A85995D003A08B5 /* Debug */ = {
			isa = XCBuildConfiguration;
			buildSettings = {
				ALWAYS_SEARCH_USER_PATHS = NO;
				CLANG_CXX_LANGUAGE_STANDARD = "gnu++0x";
				CLANG_CXX_LIBRARY = "libc++";
				CLANG_ENABLE_MODULES = YES;
				CLANG_ENABLE_OBJC_ARC = YES;
				CLANG_WARN_BOOL_CONVERSION = YES;
				CLANG_WARN_CONSTANT_CONVERSION = YES;
				CLANG_WARN_DIRECT_OBJC_ISA_USAGE = YES_ERROR;
				CLANG_WARN_EMPTY_BODY = YES;
				CLANG_WARN_ENUM_CONVERSION = YES;
				CLANG_WARN_INT_CONVERSION = YES;
				CLANG_WARN_OBJC_ROOT_CLASS = YES_ERROR;
				CLANG_WARN_UNREACHABLE_CODE = YES;
				CLANG_WARN__DUPLICATE_METHOD_MATCH = YES;
				"CODE_SIGN_IDENTITY[sdk=iphoneos*]" = "iPhone Developer";
				COPY_PHASE_STRIP = NO;
				ENABLE_STRICT_OBJC_MSGSEND = YES;
				GCC_C_LANGUAGE_STANDARD = gnu99;
				GCC_DYNAMIC_NO_PIC = NO;
				GCC_OPTIMIZATION_LEVEL = 0;
				GCC_PREPROCESSOR_DEFINITIONS = (
					"DEBUG=1",
					"$(inherited)",
				);
				GCC_SYMBOLS_PRIVATE_EXTERN = NO;
				GCC_WARN_64_TO_32_BIT_CONVERSION = YES;
				GCC_WARN_ABOUT_RETURN_TYPE = YES_ERROR;
				GCC_WARN_UNDECLARED_SELECTOR = YES;
				GCC_WARN_UNINITIALIZED_AUTOS = YES_AGGRESSIVE;
				GCC_WARN_UNUSED_FUNCTION = YES;
				GCC_WARN_UNUSED_VARIABLE = YES;
				IPHONEOS_DEPLOYMENT_TARGET = 8.1;
				MTL_ENABLE_DEBUG_INFO = YES;
				ONLY_ACTIVE_ARCH = YES;
				SDKROOT = iphoneos;
				TARGETED_DEVICE_FAMILY = "1,2";
			};
			name = Debug;
		};
		D124A6521A85995D003A08B5 /* Release */ = {
			isa = XCBuildConfiguration;
			buildSettings = {
				ALWAYS_SEARCH_USER_PATHS = NO;
				CLANG_CXX_LANGUAGE_STANDARD = "gnu++0x";
				CLANG_CXX_LIBRARY = "libc++";
				CLANG_ENABLE_MODULES = YES;
				CLANG_ENABLE_OBJC_ARC = YES;
				CLANG_WARN_BOOL_CONVERSION = YES;
				CLANG_WARN_CONSTANT_CONVERSION = YES;
				CLANG_WARN_DIRECT_OBJC_ISA_USAGE = YES_ERROR;
				CLANG_WARN_EMPTY_BODY = YES;
				CLANG_WARN_ENUM_CONVERSION = YES;
				CLANG_WARN_INT_CONVERSION = YES;
				CLANG_WARN_OBJC_ROOT_CLASS = YES_ERROR;
				CLANG_WARN_UNREACHABLE_CODE = YES;
				CLANG_WARN__DUPLICATE_METHOD_MATCH = YES;
				"CODE_SIGN_IDENTITY[sdk=iphoneos*]" = "iPhone Developer";
				COPY_PHASE_STRIP = YES;
				ENABLE_NS_ASSERTIONS = NO;
				ENABLE_STRICT_OBJC_MSGSEND = YES;
				GCC_C_LANGUAGE_STANDARD = gnu99;
				GCC_WARN_64_TO_32_BIT_CONVERSION = YES;
				GCC_WARN_ABOUT_RETURN_TYPE = YES_ERROR;
				GCC_WARN_UNDECLARED_SELECTOR = YES;
				GCC_WARN_UNINITIALIZED_AUTOS = YES_AGGRESSIVE;
				GCC_WARN_UNUSED_FUNCTION = YES;
				GCC_WARN_UNUSED_VARIABLE = YES;
				IPHONEOS_DEPLOYMENT_TARGET = 8.1;
				MTL_ENABLE_DEBUG_INFO = NO;
				SDKROOT = iphoneos;
				TARGETED_DEVICE_FAMILY = "1,2";
				VALIDATE_PRODUCT = YES;
			};
			name = Release;
		};
		D124A6541A85995D003A08B5 /* Debug */ = {
			isa = XCBuildConfiguration;
			buildSettings = {
				ASSETCATALOG_COMPILER_APPICON_NAME = AppIcon;
				CODE_SIGN_IDENTITY = "iPhone Developer";
				FRAMEWORK_SEARCH_PATHS = (
					"$(inherited)",
					"$(PROJECT_DIR)/Oaxaca-Push/pushwoosh-ios-sdk-master/Framework",
				);
				INFOPLIST_FILE = "Oaxaca-Push/Info.plist";
				LD_RUNPATH_SEARCH_PATHS = "$(inherited) @executable_path/Frameworks";
				OTHER_LDFLAGS = " -ObjC";
				PRODUCT_NAME = "$(TARGET_NAME)";
				PROVISIONING_PROFILE = "b2e0c51d-ae50-4da9-a1ba-b5783169b089";
			};
			name = Debug;
		};
		D124A6551A85995D003A08B5 /* Release */ = {
			isa = XCBuildConfiguration;
			buildSettings = {
				ASSETCATALOG_COMPILER_APPICON_NAME = AppIcon;
				CODE_SIGN_IDENTITY = "iPhone Developer";
				FRAMEWORK_SEARCH_PATHS = (
					"$(inherited)",
					"$(PROJECT_DIR)/Oaxaca-Push/pushwoosh-ios-sdk-master/Framework",
				);
				INFOPLIST_FILE = "Oaxaca-Push/Info.plist";
				LD_RUNPATH_SEARCH_PATHS = "$(inherited) @executable_path/Frameworks";
				OTHER_LDFLAGS = " -ObjC";
				PRODUCT_NAME = "$(TARGET_NAME)";
				PROVISIONING_PROFILE = "b2e0c51d-ae50-4da9-a1ba-b5783169b089";
			};
			name = Release;
		};
		D124A6571A85995D003A08B5 /* Debug */ = {
			isa = XCBuildConfiguration;
			buildSettings = {
				BUNDLE_LOADER = "$(TEST_HOST)";
				FRAMEWORK_SEARCH_PATHS = (
					"$(SDKROOT)/Developer/Library/Frameworks",
					"$(inherited)",
				);
				GCC_PREPROCESSOR_DEFINITIONS = (
					"DEBUG=1",
					"$(inherited)",
				);
				INFOPLIST_FILE = "Oaxaca-PushTests/Info.plist";
				LD_RUNPATH_SEARCH_PATHS = "$(inherited) @executable_path/Frameworks @loader_path/Frameworks";
				PRODUCT_NAME = "$(TARGET_NAME)";
				TEST_HOST = "$(BUILT_PRODUCTS_DIR)/Oaxaca-Push.app/Oaxaca-Push";
			};
			name = Debug;
		};
		D124A6581A85995D003A08B5 /* Release */ = {
			isa = XCBuildConfiguration;
			buildSettings = {
				BUNDLE_LOADER = "$(TEST_HOST)";
				FRAMEWORK_SEARCH_PATHS = (
					"$(SDKROOT)/Developer/Library/Frameworks",
					"$(inherited)",
				);
				INFOPLIST_FILE = "Oaxaca-PushTests/Info.plist";
				LD_RUNPATH_SEARCH_PATHS = "$(inherited) @executable_path/Frameworks @loader_path/Frameworks";
				PRODUCT_NAME = "$(TARGET_NAME)";
				TEST_HOST = "$(BUILT_PRODUCTS_DIR)/Oaxaca-Push.app/Oaxaca-Push";
			};
			name = Release;
		};
/* End XCBuildConfiguration section */

/* Begin XCConfigurationList section */
		D124A62B1A85995D003A08B5 /* Build configuration list for PBXProject "Oaxaca-Push" */ = {
			isa = XCConfigurationList;
			buildConfigurations = (
				D124A6511A85995D003A08B5 /* Debug */,
				D124A6521A85995D003A08B5 /* Release */,
			);
			defaultConfigurationIsVisible = 0;
			defaultConfigurationName = Release;
		};
		D124A6531A85995D003A08B5 /* Build configuration list for PBXNativeTarget "Oaxaca-Push" */ = {
			isa = XCConfigurationList;
			buildConfigurations = (
				D124A6541A85995D003A08B5 /* Debug */,
				D124A6551A85995D003A08B5 /* Release */,
			);
			defaultConfigurationIsVisible = 0;
			defaultConfigurationName = Release;
		};
		D124A6561A85995D003A08B5 /* Build configuration list for PBXNativeTarget "Oaxaca-PushTests" */ = {
			isa = XCConfigurationList;
			buildConfigurations = (
				D124A6571A85995D003A08B5 /* Debug */,
				D124A6581A85995D003A08B5 /* Release */,
			);
			defaultConfigurationIsVisible = 0;
			defaultConfigurationName = Release;
		};
/* End XCConfigurationList section */
	};
	rootObject = D124A6281A85995D003A08B5 /* Project object */;
}
